
Microsoft Visual Studio Solution File, Format Version 12.00
# Visual Studio Version 17
VisualStudioVersion = 17.5.002.0
MinimumVisualStudioVersion = 10.0.40219.1
Project("{9A19103F-16F7-4668-BE54-9A1E7A4F7556}") = "Preguntados_Kalik_Eulmesekian_BENDOV", "Preguntados_Kalik_Eulmesekian_BENDOV.csproj", "{FE067315-18BE-4CFA-90DE-E7BD94CBF836}"
EndProject
Global
	GlobalSection(SolutionConfigurationPlatforms) = preSolution
		Debug|Any CPU = Debug|Any CPU
		Release|Any CPU = Release|Any CPU
	EndGlobalSection
	GlobalSection(ProjectConfigurationPlatforms) = postSolution
		{FE067315-18BE-4CFA-90DE-E7BD94CBF836}.Debug|Any CPU.ActiveCfg = Debug|Any CPU
		{FE067315-18BE-4CFA-90DE-E7BD94CBF836}.Debug|Any CPU.Build.0 = Debug|Any CPU
		{FE067315-18BE-4CFA-90DE-E7BD94CBF836}.Release|Any CPU.ActiveCfg = Release|Any CPU
		{FE067315-18BE-4CFA-90DE-E7BD94CBF836}.Release|Any CPU.Build.0 = Release|Any CPU
	EndGlobalSection
	GlobalSection(SolutionProperties) = preSolution
		HideSolutionNode = FALSE
	EndGlobalSection
	GlobalSection(ExtensibilityGlobals) = postSolution
		SolutionGuid = {85BA4A9B-86E0-47AE-B01D-7F21C151C51F}
	EndGlobalSection
EndGlobal
